
Microsoft Visual Studio Solution File, Format Version 12.00
# Visual Studio Version 17
VisualStudioVersion = 17.10.35027.167
MinimumVisualStudioVersion = 10.0.40219.1
Project("{FAE04EC0-301F-11D3-BF4B-00C04F79EFBC}") = "AuthorizationService", "AuthorizationService\AuthorizationService.csproj", "{C616837C-5B06-4FB6-A17B-24F2F1D8D930}"
EndProject
Global
	GlobalSection(SolutionConfigurationPlatforms) = preSolution
		Debug|Any CPU = Debug|Any CPU
		Release|Any CPU = Release|Any CPU
	EndGlobalSection
	GlobalSection(ProjectConfigurationPlatforms) = postSolution
		{C616837C-5B06-4FB6-A17B-24F2F1D8D930}.Debug|Any CPU.ActiveCfg = Debug|Any CPU
		{C616837C-5B06-4FB6-A17B-24F2F1D8D930}.Debug|Any CPU.Build.0 = Debug|Any CPU
		{C616837C-5B06-4FB6-A17B-24F2F1D8D930}.Release|Any CPU.ActiveCfg = Release|Any CPU
		{C616837C-5B06-4FB6-A17B-24F2F1D8D930}.Release|Any CPU.Build.0 = Release|Any CPU
	EndGlobalSection
	GlobalSection(SolutionProperties) = preSolution
		HideSolutionNode = FALSE
	EndGlobalSection
	GlobalSection(ExtensibilityGlobals) = postSolution
		SolutionGuid = {EC80F196-00C4-4C4B-8F28-99B3F287EFB7}
	EndGlobalSection
EndGlobal
